
Microsoft Visual Studio Solution File, Format Version 12.00
# Visual Studio Version 17
VisualStudioVersion = 17.2.32516.85
MinimumVisualStudioVersion = 10.0.40219.1
Project("{FAE04EC0-301F-11D3-BF4B-00C04F79EFBC}") = "gamemachine", "gamemachine\gamemachine.csproj", "{18568561-5E51-40DA-A966-2A5C789C9444}"
EndProject
Global
	GlobalSection(SolutionConfigurationPlatforms) = preSolution
		Debug|Any CPU = Debug|Any CPU
		Release|Any CPU = Release|Any CPU
	EndGlobalSection
	GlobalSection(ProjectConfigurationPlatforms) = postSolution
		{18568561-5E51-40DA-A966-2A5C789C9444}.Debug|Any CPU.ActiveCfg = Debug|Any CPU
		{18568561-5E51-40DA-A966-2A5C789C9444}.Debug|Any CPU.Build.0 = Debug|Any CPU
		{18568561-5E51-40DA-A966-2A5C789C9444}.Release|Any CPU.ActiveCfg = Release|Any CPU
		{18568561-5E51-40DA-A966-2A5C789C9444}.Release|Any CPU.Build.0 = Release|Any CPU
	EndGlobalSection
	GlobalSection(SolutionProperties) = preSolution
		HideSolutionNode = FALSE
	EndGlobalSection
	GlobalSection(ExtensibilityGlobals) = postSolution
		SolutionGuid = {B2CFC9F8-75AE-4D2F-B4FE-C8FE428031CB}
	EndGlobalSection
EndGlobal
